
Microsoft Visual Studio Solution File, Format Version 12.00
# Visual Studio 2012
Project("{FAE04EC0-301F-11D3-BF4B-00C04F79EFBC}") = "M", "M\M.csproj", "{3509DD2E-D46B-4A68-9ECA-C1BD3359F544}"
EndProject
Global
	GlobalSection(SolutionConfigurationPlatforms) = preSolution
		Debug|Any CPU = Debug|Any CPU
		Release|Any CPU = Release|Any CPU
	EndGlobalSection
	GlobalSection(ProjectConfigurationPlatforms) = postSolution
		{3509DD2E-D46B-4A68-9ECA-C1BD3359F544}.Debug|Any CPU.ActiveCfg = Debug|Any CPU
		{3509DD2E-D46B-4A68-9ECA-C1BD3359F544}.Debug|Any CPU.Build.0 = Debug|Any CPU
		{3509DD2E-D46B-4A68-9ECA-C1BD3359F544}.Release|Any CPU.ActiveCfg = Release|Any CPU
		{3509DD2E-D46B-4A68-9ECA-C1BD3359F544}.Release|Any CPU.Build.0 = Release|Any CPU
	EndGlobalSection
	GlobalSection(SolutionProperties) = preSolution
		HideSolutionNode = FALSE
	EndGlobalSection
EndGlobal
